// !$*UTF8*$!
{
	archiveVersion = 1;
	classes = {
	};
	objectVersion = 46;
	objects = {

/* Begin PBXBuildFile section */
		941B62331BC4E6F200CF9AF0 /* AlertUtil.m in Sources */ = {isa = PBXBuildFile; fileRef = 941B62321BC4E6F200CF9AF0 /* AlertUtil.m */; settings = {ASSET_TAGS = (); }; };
		941B62351BC4F94400CF9AF0 /* loginSuccessCheck.png in Resources */ = {isa = PBXBuildFile; fileRef = 941B62341BC4F94400CF9AF0 /* loginSuccessCheck.png */; settings = {ASSET_TAGS = (); }; };
		941B62371BC500B600CF9AF0 /* registrationSuccessCheck.png in Resources */ = {isa = PBXBuildFile; fileRef = 941B62361BC500B600CF9AF0 /* registrationSuccessCheck.png */; settings = {ASSET_TAGS = (); }; };
		943ED5021BC491480022F35A /* AFBlurSegue.m in Sources */ = {isa = PBXBuildFile; fileRef = 943ED4FA1BC491480022F35A /* AFBlurSegue.m */; settings = {ASSET_TAGS = (); }; };
		943ED5031BC491480022F35A /* GameViewController.m in Sources */ = {isa = PBXBuildFile; fileRef = 943ED4FC1BC491480022F35A /* GameViewController.m */; settings = {ASSET_TAGS = (); }; };
		943ED5041BC491480022F35A /* LoginViewController.m in Sources */ = {isa = PBXBuildFile; fileRef = 943ED4FE1BC491480022F35A /* LoginViewController.m */; settings = {ASSET_TAGS = (); }; };
		943ED5061BC491480022F35A /* UIImage+ImageEffects.m in Sources */ = {isa = PBXBuildFile; fileRef = 943ED5011BC491480022F35A /* UIImage+ImageEffects.m */; settings = {ASSET_TAGS = (); }; };
		943ED50F1BC491FF0022F35A /* Main.storyboard in Resources */ = {isa = PBXBuildFile; fileRef = 943ED50E1BC491FF0022F35A /* Main.storyboard */; settings = {ASSET_TAGS = (); }; };
		943ED5111BC493980022F35A /* Launch Screen.storyboard in Resources */ = {isa = PBXBuildFile; fileRef = 943ED5101BC493980022F35A /* Launch Screen.storyboard */; settings = {ASSET_TAGS = (); }; };
		944758D61BC49B2600390F55 /* Bolts.framework in Frameworks */ = {isa = PBXBuildFile; fileRef = 944758D41BC49B2600390F55 /* Bolts.framework */; settings = {ASSET_TAGS = (); }; };
		944758D71BC49B2600390F55 /* Parse.framework in Frameworks */ = {isa = PBXBuildFile; fileRef = 944758D51BC49B2600390F55 /* Parse.framework */; settings = {ASSET_TAGS = (); }; };
		944758DD1BC49B7400390F55 /* Accounts.framework in Frameworks */ = {isa = PBXBuildFile; fileRef = 944758D81BC49B7400390F55 /* Accounts.framework */; };
		944758DE1BC49B7400390F55 /* AudioToolbox.framework in Frameworks */ = {isa = PBXBuildFile; fileRef = 944758D91BC49B7400390F55 /* AudioToolbox.framework */; };
		944758DF1BC49B7400390F55 /* CFNetwork.framework in Frameworks */ = {isa = PBXBuildFile; fileRef = 944758DA1BC49B7400390F55 /* CFNetwork.framework */; };
		944758E01BC49B7400390F55 /* CoreGraphics.framework in Frameworks */ = {isa = PBXBuildFile; fileRef = 944758DB1BC49B7400390F55 /* CoreGraphics.framework */; };
		944758E11BC49B7400390F55 /* CoreLocation.framework in Frameworks */ = {isa = PBXBuildFile; fileRef = 944758DC1BC49B7400390F55 /* CoreLocation.framework */; };
		944758E71BC49B8600390F55 /* QuartzCore.framework in Frameworks */ = {isa = PBXBuildFile; fileRef = 944758E21BC49B8600390F55 /* QuartzCore.framework */; };
		944758E81BC49B8600390F55 /* Security.framework in Frameworks */ = {isa = PBXBuildFile; fileRef = 944758E31BC49B8600390F55 /* Security.framework */; };
		944758E91BC49B8600390F55 /* Social.framework in Frameworks */ = {isa = PBXBuildFile; fileRef = 944758E41BC49B8600390F55 /* Social.framework */; };
		944758EA1BC49B8600390F55 /* StoreKit.framework in Frameworks */ = {isa = PBXBuildFile; fileRef = 944758E51BC49B8600390F55 /* StoreKit.framework */; };
		944758EB1BC49B8600390F55 /* SystemConfiguration.framework in Frameworks */ = {isa = PBXBuildFile; fileRef = 944758E61BC49B8600390F55 /* SystemConfiguration.framework */; };
		944758EE1BC49C7700390F55 /* libsqlite3.dylib in Frameworks */ = {isa = PBXBuildFile; fileRef = 944758EC1BC49C7700390F55 /* libsqlite3.dylib */; };
		944758EF1BC49C7700390F55 /* libz.1.dylib in Frameworks */ = {isa = PBXBuildFile; fileRef = 944758ED1BC49C7700390F55 /* libz.1.dylib */; };
		944758F31BC4A1C700390F55 /* LetMeGuess_logo.png in Resources */ = {isa = PBXBuildFile; fileRef = 944758F21BC4A1C700390F55 /* LetMeGuess_logo.png */; settings = {ASSET_TAGS = (); }; };
		944758F51BC4A32F00390F55 /* Abel-Regular.ttf in Resources */ = {isa = PBXBuildFile; fileRef = 944758F41BC4A32F00390F55 /* Abel-Regular.ttf */; settings = {ASSET_TAGS = (); }; };
		944758F71BC4A46D00390F55 /* LetMeGuess_whiteLogo.png in Resources */ = {isa = PBXBuildFile; fileRef = 944758F61BC4A46D00390F55 /* LetMeGuess_whiteLogo.png */; settings = {ASSET_TAGS = (); }; };
		944758F91BC4AD4900390F55 /* gameBackgroundImage.jpg in Resources */ = {isa = PBXBuildFile; fileRef = 944758F81BC4AD4900390F55 /* gameBackgroundImage.jpg */; settings = {ASSET_TAGS = (); }; };
		944B95451BC5E30700A0C7AF /* noPicture.png in Resources */ = {isa = PBXBuildFile; fileRef = 944B95441BC5E30700A0C7AF /* noPicture.png */; settings = {ASSET_TAGS = (); }; };
		944B95481BC5E76800A0C7AF /* AccountViewController.m in Sources */ = {isa = PBXBuildFile; fileRef = 944B95471BC5E76800A0C7AF /* AccountViewController.m */; settings = {ASSET_TAGS = (); }; };
		945B4B771BC5EAFE00304A7A /* profile_icon.png in Resources */ = {isa = PBXBuildFile; fileRef = 945B4B761BC5EAFE00304A7A /* profile_icon.png */; settings = {ASSET_TAGS = (); }; };
		94C177311BC4792600E4FEB3 /* main.m in Sources */ = {isa = PBXBuildFile; fileRef = 94C177301BC4792600E4FEB3 /* main.m */; };
		94C177341BC4792600E4FEB3 /* AppDelegate.m in Sources */ = {isa = PBXBuildFile; fileRef = 94C177331BC4792600E4FEB3 /* AppDelegate.m */; };
		94C1773C1BC4792600E4FEB3 /* Assets.xcassets in Resources */ = {isa = PBXBuildFile; fileRef = 94C1773B1BC4792600E4FEB3 /* Assets.xcassets */; };
		94FC108E1BC5FBCA00E69BD3 /* JVFloatLabeledTextField.m in Sources */ = {isa = PBXBuildFile; fileRef = 94FC108D1BC5FBCA00E69BD3 /* JVFloatLabeledTextField.m */; settings = {ASSET_TAGS = (); }; };
		94FC10911BC5FC2A00E69BD3 /* NSString+TextDirectionality.m in Sources */ = {isa = PBXBuildFile; fileRef = 94FC10901BC5FC2A00E69BD3 /* NSString+TextDirectionality.m */; settings = {ASSET_TAGS = (); }; };
/* End PBXBuildFile section */

/* Begin PBXFileReference section */
		941B622F1BC4DA1100CF9AF0 /* Constants.h */ = {isa = PBXFileReference; lastKnownFileType = sourcecode.c.h; path = Constants.h; sourceTree = "<group>"; };
		941B62311BC4E6F200CF9AF0 /* AlertUtil.h */ = {isa = PBXFileReference; fileEncoding = 4; lastKnownFileType = sourcecode.c.h; path = AlertUtil.h; sourceTree = "<group>"; };
		941B62321BC4E6F200CF9AF0 /* AlertUtil.m */ = {isa = PBXFileReference; fileEncoding = 4; lastKnownFileType = sourcecode.c.objc; path = AlertUtil.m; sourceTree = "<group>"; };
		941B62341BC4F94400CF9AF0 /* loginSuccessCheck.png */ = {isa = PBXFileReference; lastKnownFileType = image.png; path = loginSuccessCheck.png; sourceTree = "<group>"; };
		941B62361BC500B600CF9AF0 /* registrationSuccessCheck.png */ = {isa = PBXFileReference; lastKnownFileType = image.png; path = registrationSuccessCheck.png; sourceTree = "<group>"; };
		943ED4F91BC491480022F35A /* AFBlurSegue.h */ = {isa = PBXFileReference; fileEncoding = 4; lastKnownFileType = sourcecode.c.h; path = AFBlurSegue.h; sourceTree = "<group>"; };
		943ED4FA1BC491480022F35A /* AFBlurSegue.m */ = {isa = PBXFileReference; fileEncoding = 4; lastKnownFileType = sourcecode.c.objc; path = AFBlurSegue.m; sourceTree = "<group>"; };
		943ED4FB1BC491480022F35A /* GameViewController.h */ = {isa = PBXFileReference; fileEncoding = 4; lastKnownFileType = sourcecode.c.h; path = GameViewController.h; sourceTree = "<group>"; };
		943ED4FC1BC491480022F35A /* GameViewController.m */ = {isa = PBXFileReference; fileEncoding = 4; lastKnownFileType = sourcecode.c.objc; path = GameViewController.m; sourceTree = "<group>"; };
		943ED4FD1BC491480022F35A /* LoginViewController.h */ = {isa = PBXFileReference; fileEncoding = 4; lastKnownFileType = sourcecode.c.h; path = LoginViewController.h; sourceTree = "<group>"; };
		943ED4FE1BC491480022F35A /* LoginViewController.m */ = {isa = PBXFileReference; fileEncoding = 4; lastKnownFileType = sourcecode.c.objc; path = LoginViewController.m; sourceTree = "<group>"; };
		943ED5001BC491480022F35A /* UIImage+ImageEffects.h */ = {isa = PBXFileReference; fileEncoding = 4; lastKnownFileType = sourcecode.c.h; path = "UIImage+ImageEffects.h"; sourceTree = "<group>"; };
		943ED5011BC491480022F35A /* UIImage+ImageEffects.m */ = {isa = PBXFileReference; fileEncoding = 4; lastKnownFileType = sourcecode.c.objc; path = "UIImage+ImageEffects.m"; sourceTree = "<group>"; };
		943ED50E1BC491FF0022F35A /* Main.storyboard */ = {isa = PBXFileReference; fileEncoding = 4; lastKnownFileType = file.storyboard; path = Main.storyboard; sourceTree = "<group>"; };
		943ED5101BC493980022F35A /* Launch Screen.storyboard */ = {isa = PBXFileReference; fileEncoding = 4; lastKnownFileType = file.storyboard; path = "Launch Screen.storyboard"; sourceTree = "<group>"; };
		944758D41BC49B2600390F55 /* Bolts.framework */ = {isa = PBXFileReference; lastKnownFileType = wrapper.framework; name = Bolts.framework; path = ../Bolts.framework; sourceTree = "<group>"; };
		944758D51BC49B2600390F55 /* Parse.framework */ = {isa = PBXFileReference; lastKnownFileType = wrapper.framework; name = Parse.framework; path = ../Parse.framework; sourceTree = "<group>"; };
		944758D81BC49B7400390F55 /* Accounts.framework */ = {isa = PBXFileReference; lastKnownFileType = wrapper.framework; name = Accounts.framework; path = System/Library/Frameworks/Accounts.framework; sourceTree = SDKROOT; };
		944758D91BC49B7400390F55 /* AudioToolbox.framework */ = {isa = PBXFileReference; lastKnownFileType = wrapper.framework; name = AudioToolbox.framework; path = System/Library/Frameworks/AudioToolbox.framework; sourceTree = SDKROOT; };
		944758DA1BC49B7400390F55 /* CFNetwork.framework */ = {isa = PBXFileReference; lastKnownFileType = wrapper.framework; name = CFNetwork.framework; path = System/Library/Frameworks/CFNetwork.framework; sourceTree = SDKROOT; };
		944758DB1BC49B7400390F55 /* CoreGraphics.framework */ = {isa = PBXFileReference; lastKnownFileType = wrapper.framework; name = CoreGraphics.framework; path = System/Library/Frameworks/CoreGraphics.framework; sourceTree = SDKROOT; };
		944758DC1BC49B7400390F55 /* CoreLocation.framework */ = {isa = PBXFileReference; lastKnownFileType = wrapper.framework; name = CoreLocation.framework; path = System/Library/Frameworks/CoreLocation.framework; sourceTree = SDKROOT; };
		944758E21BC49B8600390F55 /* QuartzCore.framework */ = {isa = PBXFileReference; lastKnownFileType = wrapper.framework; name = QuartzCore.framework; path = System/Library/Frameworks/QuartzCore.framework; sourceTree = SDKROOT; };
		944758E31BC49B8600390F55 /* Security.framework */ = {isa = PBXFileReference; lastKnownFileType = wrapper.framework; name = Security.framework; path = System/Library/Frameworks/Security.framework; sourceTree = SDKROOT; };
		944758E41BC49B8600390F55 /* Social.framework */ = {isa = PBXFileReference; lastKnownFileType = wrapper.framework; name = Social.framework; path = System/Library/Frameworks/Social.framework; sourceTree = SDKROOT; };
		944758E51BC49B8600390F55 /* StoreKit.framework */ = {isa = PBXFileReference; lastKnownFileType = wrapper.framework; name = StoreKit.framework; path = System/Library/Frameworks/StoreKit.framework; sourceTree = SDKROOT; };
		944758E61BC49B8600390F55 /* SystemConfiguration.framework */ = {isa = PBXFileReference; lastKnownFileType = wrapper.framework; name = SystemConfiguration.framework; path = System/Library/Frameworks/SystemConfiguration.framework; sourceTree = SDKROOT; };
		944758EC1BC49C7700390F55 /* libsqlite3.dylib */ = {isa = PBXFileReference; lastKnownFileType = "compiled.mach-o.dylib"; name = libsqlite3.dylib; path = /usr/lib/libsqlite3.dylib; sourceTree = "<absolute>"; };
		944758ED1BC49C7700390F55 /* libz.1.dylib */ = {isa = PBXFileReference; lastKnownFileType = "compiled.mach-o.dylib"; name = libz.1.dylib; path = /usr/lib/libz.1.dylib; sourceTree = "<absolute>"; };
		944758F21BC4A1C700390F55 /* LetMeGuess_logo.png */ = {isa = PBXFileReference; lastKnownFileType = image.png; path = LetMeGuess_logo.png; sourceTree = "<group>"; };
		944758F41BC4A32F00390F55 /* Abel-Regular.ttf */ = {isa = PBXFileReference; lastKnownFileType = file; path = "Abel-Regular.ttf"; sourceTree = "<group>"; };
		944758F61BC4A46D00390F55 /* LetMeGuess_whiteLogo.png */ = {isa = PBXFileReference; lastKnownFileType = image.png; path = LetMeGuess_whiteLogo.png; sourceTree = "<group>"; };
		944758F81BC4AD4900390F55 /* gameBackgroundImage.jpg */ = {isa = PBXFileReference; lastKnownFileType = image.jpeg; path = gameBackgroundImage.jpg; sourceTree = "<group>"; };
		944B95441BC5E30700A0C7AF /* noPicture.png */ = {isa = PBXFileReference; lastKnownFileType = image.png; path = noPicture.png; sourceTree = "<group>"; };
		944B95461BC5E76800A0C7AF /* AccountViewController.h */ = {isa = PBXFileReference; fileEncoding = 4; lastKnownFileType = sourcecode.c.h; path = AccountViewController.h; sourceTree = "<group>"; };
		944B95471BC5E76800A0C7AF /* AccountViewController.m */ = {isa = PBXFileReference; fileEncoding = 4; lastKnownFileType = sourcecode.c.objc; path = AccountViewController.m; sourceTree = "<group>"; };
		945B4B761BC5EAFE00304A7A /* profile_icon.png */ = {isa = PBXFileReference; lastKnownFileType = image.png; path = profile_icon.png; sourceTree = "<group>"; };
		94C1772C1BC4792600E4FEB3 /* LetMeGuess.app */ = {isa = PBXFileReference; explicitFileType = wrapper.application; includeInIndex = 0; path = LetMeGuess.app; sourceTree = BUILT_PRODUCTS_DIR; };
		94C177301BC4792600E4FEB3 /* main.m */ = {isa = PBXFileReference; lastKnownFileType = sourcecode.c.objc; path = main.m; sourceTree = "<group>"; };
		94C177321BC4792600E4FEB3 /* AppDelegate.h */ = {isa = PBXFileReference; lastKnownFileType = sourcecode.c.h; path = AppDelegate.h; sourceTree = "<group>"; };
		94C177331BC4792600E4FEB3 /* AppDelegate.m */ = {isa = PBXFileReference; lastKnownFileType = sourcecode.c.objc; path = AppDelegate.m; sourceTree = "<group>"; };
		94C1773B1BC4792600E4FEB3 /* Assets.xcassets */ = {isa = PBXFileReference; lastKnownFileType = folder.assetcatalog; path = Assets.xcassets; sourceTree = "<group>"; };
		94C177401BC4792600E4FEB3 /* Info.plist */ = {isa = PBXFileReference; lastKnownFileType = text.plist.xml; path = Info.plist; sourceTree = "<group>"; };
		94FC108C1BC5FBCA00E69BD3 /* JVFloatLabeledTextField.h */ = {isa = PBXFileReference; fileEncoding = 4; lastKnownFileType = sourcecode.c.h; path = JVFloatLabeledTextField.h; sourceTree = "<group>"; };
		94FC108D1BC5FBCA00E69BD3 /* JVFloatLabeledTextField.m */ = {isa = PBXFileReference; fileEncoding = 4; lastKnownFileType = sourcecode.c.objc; path = JVFloatLabeledTextField.m; sourceTree = "<group>"; };
		94FC108F1BC5FC2A00E69BD3 /* NSString+TextDirectionality.h */ = {isa = PBXFileReference; fileEncoding = 4; lastKnownFileType = sourcecode.c.h; path = "NSString+TextDirectionality.h"; sourceTree = "<group>"; };
		94FC10901BC5FC2A00E69BD3 /* NSString+TextDirectionality.m */ = {isa = PBXFileReference; fileEncoding = 4; lastKnownFileType = sourcecode.c.objc; path = "NSString+TextDirectionality.m"; sourceTree = "<group>"; };
/* End PBXFileReference section */

/* Begin PBXFrameworksBuildPhase section */
		94C177291BC4792600E4FEB3 /* Frameworks */ = {
			isa = PBXFrameworksBuildPhase;
			buildActionMask = 2147483647;
			files = (
				944758EE1BC49C7700390F55 /* libsqlite3.dylib in Frameworks */,
				944758EF1BC49C7700390F55 /* libz.1.dylib in Frameworks */,
				944758E71BC49B8600390F55 /* QuartzCore.framework in Frameworks */,
				944758E81BC49B8600390F55 /* Security.framework in Frameworks */,
				944758E91BC49B8600390F55 /* Social.framework in Frameworks */,
				944758EA1BC49B8600390F55 /* StoreKit.framework in Frameworks */,
				944758EB1BC49B8600390F55 /* SystemConfiguration.framework in Frameworks */,
				944758DD1BC49B7400390F55 /* Accounts.framework in Frameworks */,
				944758DE1BC49B7400390F55 /* AudioToolbox.framework in Frameworks */,
				944758DF1BC49B7400390F55 /* CFNetwork.framework in Frameworks */,
				944758E01BC49B7400390F55 /* CoreGraphics.framework in Frameworks */,
				944758E11BC49B7400390F55 /* CoreLocation.framework in Frameworks */,
				944758D71BC49B2600390F55 /* Parse.framework in Frameworks */,
				944758D61BC49B2600390F55 /* Bolts.framework in Frameworks */,
			);
			runOnlyForDeploymentPostprocessing = 0;
		};
/* End PBXFrameworksBuildPhase section */

/* Begin PBXGroup section */
		941B62301BC4E6D700CF9AF0 /* Utils */ = {
			isa = PBXGroup;
			children = (
				941B62311BC4E6F200CF9AF0 /* AlertUtil.h */,
				941B62321BC4E6F200CF9AF0 /* AlertUtil.m */,
			);
			name = Utils;
			sourceTree = "<group>";
		};
		943ED5091BC491850022F35A /* Blur View */ = {
			isa = PBXGroup;
			children = (
				943ED4F91BC491480022F35A /* AFBlurSegue.h */,
				943ED4FA1BC491480022F35A /* AFBlurSegue.m */,
				943ED5001BC491480022F35A /* UIImage+ImageEffects.h */,
				943ED5011BC491480022F35A /* UIImage+ImageEffects.m */,
			);
			name = "Blur View";
			sourceTree = "<group>";
		};
		943ED50A1BC491960022F35A /* Account */ = {
			isa = PBXGroup;
			children = (
				943ED4FD1BC491480022F35A /* LoginViewController.h */,
				943ED4FE1BC491480022F35A /* LoginViewController.m */,
				944B95461BC5E76800A0C7AF /* AccountViewController.h */,
				944B95471BC5E76800A0C7AF /* AccountViewController.m */,
			);
			name = Account;
			sourceTree = "<group>";
		};
		943ED50B1BC491AE0022F35A /* Assets */ = {
			isa = PBXGroup;
			children = (
				941B62361BC500B600CF9AF0 /* registrationSuccessCheck.png */,
				941B62341BC4F94400CF9AF0 /* loginSuccessCheck.png */,
				944758F81BC4AD4900390F55 /* gameBackgroundImage.jpg */,
				944758F41BC4A32F00390F55 /* Abel-Regular.ttf */,
				944758F21BC4A1C700390F55 /* LetMeGuess_logo.png */,
				944758F61BC4A46D00390F55 /* LetMeGuess_whiteLogo.png */,
				945B4B761BC5EAFE00304A7A /* profile_icon.png */,
				944B95441BC5E30700A0C7AF /* noPicture.png */,
			);
			name = Assets;
			sourceTree = "<group>";
		};
		944758F01BC49E7B00390F55 /* Parse */ = {
			isa = PBXGroup;
			children = (
				944758EC1BC49C7700390F55 /* libsqlite3.dylib */,
				944758ED1BC49C7700390F55 /* libz.1.dylib */,
				944758E21BC49B8600390F55 /* QuartzCore.framework */,
				944758E31BC49B8600390F55 /* Security.framework */,
				944758E41BC49B8600390F55 /* Social.framework */,
				944758E51BC49B8600390F55 /* StoreKit.framework */,
				944758E61BC49B8600390F55 /* SystemConfiguration.framework */,
				944758D81BC49B7400390F55 /* Accounts.framework */,
				944758D91BC49B7400390F55 /* AudioToolbox.framework */,
				944758DA1BC49B7400390F55 /* CFNetwork.framework */,
				944758DB1BC49B7400390F55 /* CoreGraphics.framework */,
				944758DC1BC49B7400390F55 /* CoreLocation.framework */,
				944758D41BC49B2600390F55 /* Bolts.framework */,
				944758D51BC49B2600390F55 /* Parse.framework */,
			);
			name = Parse;
			sourceTree = "<group>";
		};
		944758F11BC49E9100390F55 /* Game */ = {
			isa = PBXGroup;
			children = (
				943ED4FB1BC491480022F35A /* GameViewController.h */,
				943ED4FC1BC491480022F35A /* GameViewController.m */,
			);
			name = Game;
			sourceTree = "<group>";
		};
		94C177231BC4792600E4FEB3 = {
			isa = PBXGroup;
			children = (
				94C1772E1BC4792600E4FEB3 /* LetMeGuess */,
				94C1772D1BC4792600E4FEB3 /* Products */,
			);
			sourceTree = "<group>";
		};
		94C1772D1BC4792600E4FEB3 /* Products */ = {
			isa = PBXGroup;
			children = (
				94C1772C1BC4792600E4FEB3 /* LetMeGuess.app */,
			);
			name = Products;
			sourceTree = "<group>";
		};
		94C1772E1BC4792600E4FEB3 /* LetMeGuess */ = {
			isa = PBXGroup;
			children = (
				94FC108B1BC5FBC000E69BD3 /* Floating Text Field */,
				941B62301BC4E6D700CF9AF0 /* Utils */,
				943ED50E1BC491FF0022F35A /* Main.storyboard */,
				941B622F1BC4DA1100CF9AF0 /* Constants.h */,
				944758F11BC49E9100390F55 /* Game */,
				944758F01BC49E7B00390F55 /* Parse */,
				943ED50B1BC491AE0022F35A /* Assets */,
				943ED50A1BC491960022F35A /* Account */,
				943ED5091BC491850022F35A /* Blur View */,
				94C1773B1BC4792600E4FEB3 /* Assets.xcassets */,
				94C1772F1BC4792600E4FEB3 /* Supporting Files */,
			);
			path = LetMeGuess;
			sourceTree = "<group>";
		};
		94C1772F1BC4792600E4FEB3 /* Supporting Files */ = {
			isa = PBXGroup;
			children = (
				94C177401BC4792600E4FEB3 /* Info.plist */,
				94C177321BC4792600E4FEB3 /* AppDelegate.h */,
				94C177331BC4792600E4FEB3 /* AppDelegate.m */,
				94C177301BC4792600E4FEB3 /* main.m */,
				943ED5101BC493980022F35A /* Launch Screen.storyboard */,
			);
			name = "Supporting Files";
			sourceTree = "<group>";
		};
		94FC108B1BC5FBC000E69BD3 /* Floating Text Field */ = {
			isa = PBXGroup;
			children = (
				94FC108F1BC5FC2A00E69BD3 /* NSString+TextDirectionality.h */,
				94FC10901BC5FC2A00E69BD3 /* NSString+TextDirectionality.m */,
				94FC108C1BC5FBCA00E69BD3 /* JVFloatLabeledTextField.h */,
				94FC108D1BC5FBCA00E69BD3 /* JVFloatLabeledTextField.m */,
			);
			name = "Floating Text Field";
			sourceTree = "<group>";
		};
/* End PBXGroup section */

/* Begin PBXNativeTarget section */
		94C1772B1BC4792600E4FEB3 /* LetMeGuess */ = {
			isa = PBXNativeTarget;
			buildConfigurationList = 94C177431BC4792600E4FEB3 /* Build configuration list for PBXNativeTarget "LetMeGuess" */;
			buildPhases = (
				94C177281BC4792600E4FEB3 /* Sources */,
				94C177291BC4792600E4FEB3 /* Frameworks */,
				94C1772A1BC4792600E4FEB3 /* Resources */,
			);
			buildRules = (
			);
			dependencies = (
			);
			name = LetMeGuess;
			productName = LetMeGuess;
			productReference = 94C1772C1BC4792600E4FEB3 /* LetMeGuess.app */;
			productType = "com.apple.product-type.application";
		};
/* End PBXNativeTarget section */

/* Begin PBXProject section */
		94C177241BC4792600E4FEB3 /* Project object */ = {
			isa = PBXProject;
			attributes = {
				LastUpgradeCheck = 0700;
				ORGANIZATIONNAME = appPond;
				TargetAttributes = {
					94C1772B1BC4792600E4FEB3 = {
						CreatedOnToolsVersion = 7.0.1;
						DevelopmentTeam = 8K4L252PX6;
					};
				};
			};
			buildConfigurationList = 94C177271BC4792600E4FEB3 /* Build configuration list for PBXProject "LetMeGuess" */;
			compatibilityVersion = "Xcode 3.2";
			developmentRegion = English;
			hasScannedForEncodings = 0;
			knownRegions = (
				en,
				Base,
			);
			mainGroup = 94C177231BC4792600E4FEB3;
			productRefGroup = 94C1772D1BC4792600E4FEB3 /* Products */;
			projectDirPath = "";
			projectRoot = "";
			targets = (
				94C1772B1BC4792600E4FEB3 /* LetMeGuess */,
			);
		};
/* End PBXProject section */

/* Begin PBXResourcesBuildPhase section */
		94C1772A1BC4792600E4FEB3 /* Resources */ = {
			isa = PBXResourcesBuildPhase;
			buildActionMask = 2147483647;
			files = (
				944758F71BC4A46D00390F55 /* LetMeGuess_whiteLogo.png in Resources */,
				94C1773C1BC4792600E4FEB3 /* Assets.xcassets in Resources */,
				944758F91BC4AD4900390F55 /* gameBackgroundImage.jpg in Resources */,
				941B62351BC4F94400CF9AF0 /* loginSuccessCheck.png in Resources */,
				945B4B771BC5EAFE00304A7A /* profile_icon.png in Resources */,
				943ED5111BC493980022F35A /* Launch Screen.storyboard in Resources */,
				944B95451BC5E30700A0C7AF /* noPicture.png in Resources */,
				944758F51BC4A32F00390F55 /* Abel-Regular.ttf in Resources */,
				943ED50F1BC491FF0022F35A /* Main.storyboard in Resources */,
				944758F31BC4A1C700390F55 /* LetMeGuess_logo.png in Resources */,
				941B62371BC500B600CF9AF0 /* registrationSuccessCheck.png in Resources */,
			);
			runOnlyForDeploymentPostprocessing = 0;
		};
/* End PBXResourcesBuildPhase section */

/* Begin PBXSourcesBuildPhase section */
		94C177281BC4792600E4FEB3 /* Sources */ = {
			isa = PBXSourcesBuildPhase;
			buildActionMask = 2147483647;
			files = (
				94FC108E1BC5FBCA00E69BD3 /* JVFloatLabeledTextField.m in Sources */,
				943ED5031BC491480022F35A /* GameViewController.m in Sources */,
				94C177341BC4792600E4FEB3 /* AppDelegate.m in Sources */,
				943ED5061BC491480022F35A /* UIImage+ImageEffects.m in Sources */,
				941B62331BC4E6F200CF9AF0 /* AlertUtil.m in Sources */,
				94C177311BC4792600E4FEB3 /* main.m in Sources */,
				943ED5021BC491480022F35A /* AFBlurSegue.m in Sources */,
				944B95481BC5E76800A0C7AF /* AccountViewController.m in Sources */,
				94FC10911BC5FC2A00E69BD3 /* NSString+TextDirectionality.m in Sources */,
				943ED5041BC491480022F35A /* LoginViewController.m in Sources */,
			);
			runOnlyForDeploymentPostprocessing = 0;
		};
/* End PBXSourcesBuildPhase section */

/* Begin XCBuildConfiguration section */
		94C177411BC4792600E4FEB3 /* Debug */ = {
			isa = XCBuildConfiguration;
			buildSettings = {
				ALWAYS_SEARCH_USER_PATHS = NO;
				CLANG_CXX_LANGUAGE_STANDARD = "gnu++0x";
				CLANG_CXX_LIBRARY = "libc++";
				CLANG_ENABLE_MODULES = YES;
				CLANG_ENABLE_OBJC_ARC = YES;
				CLANG_WARN_BOOL_CONVERSION = YES;
				CLANG_WARN_CONSTANT_CONVERSION = YES;
				CLANG_WARN_DIRECT_OBJC_ISA_USAGE = YES_ERROR;
				CLANG_WARN_EMPTY_BODY = YES;
				CLANG_WARN_ENUM_CONVERSION = YES;
				CLANG_WARN_INT_CONVERSION = YES;
				CLANG_WARN_OBJC_ROOT_CLASS = YES_ERROR;
				CLANG_WARN_UNREACHABLE_CODE = YES;
				CLANG_WARN__DUPLICATE_METHOD_MATCH = YES;
				"CODE_SIGN_IDENTITY[sdk=iphoneos*]" = "iPhone Developer";
				COPY_PHASE_STRIP = NO;
				DEBUG_INFORMATION_FORMAT = dwarf;
				ENABLE_STRICT_OBJC_MSGSEND = YES;
				ENABLE_TESTABILITY = YES;
				GCC_C_LANGUAGE_STANDARD = gnu99;
				GCC_DYNAMIC_NO_PIC = NO;
				GCC_NO_COMMON_BLOCKS = YES;
				GCC_OPTIMIZATION_LEVEL = 0;
				GCC_PREPROCESSOR_DEFINITIONS = (
					"DEBUG=1",
					"$(inherited)",
				);
				GCC_WARN_64_TO_32_BIT_CONVERSION = YES;
				GCC_WARN_ABOUT_RETURN_TYPE = YES_ERROR;
				GCC_WARN_UNDECLARED_SELECTOR = YES;
				GCC_WARN_UNINITIALIZED_AUTOS = YES_AGGRESSIVE;
				GCC_WARN_UNUSED_FUNCTION = YES;
				GCC_WARN_UNUSED_VARIABLE = YES;
				IPHONEOS_DEPLOYMENT_TARGET = 9.0;
				MTL_ENABLE_DEBUG_INFO = YES;
				ONLY_ACTIVE_ARCH = YES;
				SDKROOT = iphoneos;
			};
			name = Debug;
		};
		94C177421BC4792600E4FEB3 /* Release */ = {
			isa = XCBuildConfiguration;
			buildSettings = {
				ALWAYS_SEARCH_USER_PATHS = NO;
				CLANG_CXX_LANGUAGE_STANDARD = "gnu++0x";
				CLANG_CXX_LIBRARY = "libc++";
				CLANG_ENABLE_MODULES = YES;
				CLANG_ENABLE_OBJC_ARC = YES;
				CLANG_WARN_BOOL_CONVERSION = YES;
				CLANG_WARN_CONSTANT_CONVERSION = YES;
				CLANG_WARN_DIRECT_OBJC_ISA_USAGE = YES_ERROR;
				CLANG_WARN_EMPTY_BODY = YES;
				CLANG_WARN_ENUM_CONVERSION = YES;
				CLANG_WARN_INT_CONVERSION = YES;
				CLANG_WARN_OBJC_ROOT_CLASS = YES_ERROR;
				CLANG_WARN_UNREACHABLE_CODE = YES;
				CLANG_WARN__DUPLICATE_METHOD_MATCH = YES;
				"CODE_SIGN_IDENTITY[sdk=iphoneos*]" = "iPhone Developer";
				COPY_PHASE_STRIP = NO;
				DEBUG_INFORMATION_FORMAT = "dwarf-with-dsym";
				ENABLE_NS_ASSERTIONS = NO;
				ENABLE_STRICT_OBJC_MSGSEND = YES;
				GCC_C_LANGUAGE_STANDARD = gnu99;
				GCC_NO_COMMON_BLOCKS = YES;
				GCC_WARN_64_TO_32_BIT_CONVERSION = YES;
				GCC_WARN_ABOUT_RETURN_TYPE = YES_ERROR;
				GCC_WARN_UNDECLARED_SELECTOR = YES;
				GCC_WARN_UNINITIALIZED_AUTOS = YES_AGGRESSIVE;
				GCC_WARN_UNUSED_FUNCTION = YES;
				GCC_WARN_UNUSED_VARIABLE = YES;
				IPHONEOS_DEPLOYMENT_TARGET = 9.0;
				MTL_ENABLE_DEBUG_INFO = NO;
				SDKROOT = iphoneos;
				VALIDATE_PRODUCT = YES;
			};
			name = Release;
		};
		94C177441BC4792600E4FEB3 /* Debug */ = {
			isa = XCBuildConfiguration;
			buildSettings = {
				ASSETCATALOG_COMPILER_APPICON_NAME = AppIcon;
				CODE_SIGN_IDENTITY = "iPhone Developer";
				"CODE_SIGN_IDENTITY[sdk=iphoneos*]" = "iPhone Developer";
				FRAMEWORK_SEARCH_PATHS = (
					"$(inherited)",
					"$(PROJECT_DIR)",
				);
				INFOPLIST_FILE = LetMeGuess/Info.plist;
				LD_RUNPATH_SEARCH_PATHS = "$(inherited) @executable_path/Frameworks";
				PRODUCT_BUNDLE_IDENTIFIER = appPond.LetMeGuess;
				PRODUCT_NAME = "$(TARGET_NAME)";
				PROVISIONING_PROFILE = "";
			};
			name = Debug;
		};
		94C177451BC4792600E4FEB3 /* Release */ = {
			isa = XCBuildConfiguration;
			buildSettings = {
				ASSETCATALOG_COMPILER_APPICON_NAME = AppIcon;
				CODE_SIGN_IDENTITY = "iPhone Developer";
				"CODE_SIGN_IDENTITY[sdk=iphoneos*]" = "iPhone Developer";
				FRAMEWORK_SEARCH_PATHS = (
					"$(inherited)",
					"$(PROJECT_DIR)",
				);
				INFOPLIST_FILE = LetMeGuess/Info.plist;
				LD_RUNPATH_SEARCH_PATHS = "$(inherited) @executable_path/Frameworks";
				PRODUCT_BUNDLE_IDENTIFIER = appPond.LetMeGuess;
				PRODUCT_NAME = "$(TARGET_NAME)";
				PROVISIONING_PROFILE = "";
			};
			name = Release;
		};
/* End XCBuildConfiguration section */

/* Begin XCConfigurationList section */
		94C177271BC4792600E4FEB3 /* Build configuration list for PBXProject "LetMeGuess" */ = {
			isa = XCConfigurationList;
			buildConfigurations = (
				94C177411BC4792600E4FEB3 /* Debug */,
				94C177421BC4792600E4FEB3 /* Release */,
			);
			defaultConfigurationIsVisible = 0;
			defaultConfigurationName = Release;
		};
		94C177431BC4792600E4FEB3 /* Build configuration list for PBXNativeTarget "LetMeGuess" */ = {
			isa = XCConfigurationList;
			buildConfigurations = (
				94C177441BC4792600E4FEB3 /* Debug */,
				94C177451BC4792600E4FEB3 /* Release */,
			);
			defaultConfigurationIsVisible = 0;
			defaultConfigurationName = Release;
		};
/* End XCConfigurationList section */
	};
	rootObject = 94C177241BC4792600E4FEB3 /* Project object */;
}
